
Microsoft Visual Studio Solution File, Format Version 12.00
# Visual Studio 14
VisualStudioVersion = 14.0.23107.0
MinimumVisualStudioVersion = 10.0.40219.1
Project("{F2A71F9B-5D33-465A-A702-920D77279786}") = "Kirabern.Compiler", "Kirabern.Compiler\Kirabern.Compiler.fsproj", "{AE3F9B94-486C-4B06-B75D-80AAE641D35D}"
EndProject
Project("{F2A71F9B-5D33-465A-A702-920D77279786}") = "Kirabern.Cmd", "Kirabern.Cmd\Kirabern.Cmd.fsproj", "{14D423A1-C783-4566-83D0-41BBA0D759B3}"
EndProject
Project("{2150E333-8FDC-42A3-9474-1A3956D46DE8}") = "Scripts", "Scripts", "{E9FA6464-B38E-4FEC-8FD4-8EC5C2F57D6F}"
	ProjectSection(SolutionItems) = preProject
		RegexToNfa.fsx = RegexToNfa.fsx
	EndProjectSection
EndProject
Global
	GlobalSection(SolutionConfigurationPlatforms) = preSolution
		Debug|Any CPU = Debug|Any CPU
		Release|Any CPU = Release|Any CPU
	EndGlobalSection
	GlobalSection(ProjectConfigurationPlatforms) = postSolution
		{AE3F9B94-486C-4B06-B75D-80AAE641D35D}.Debug|Any CPU.ActiveCfg = Debug|Any CPU
		{AE3F9B94-486C-4B06-B75D-80AAE641D35D}.Debug|Any CPU.Build.0 = Debug|Any CPU
		{AE3F9B94-486C-4B06-B75D-80AAE641D35D}.Release|Any CPU.ActiveCfg = Release|Any CPU
		{AE3F9B94-486C-4B06-B75D-80AAE641D35D}.Release|Any CPU.Build.0 = Release|Any CPU
		{14D423A1-C783-4566-83D0-41BBA0D759B3}.Debug|Any CPU.ActiveCfg = Debug|Any CPU
		{14D423A1-C783-4566-83D0-41BBA0D759B3}.Debug|Any CPU.Build.0 = Debug|Any CPU
		{14D423A1-C783-4566-83D0-41BBA0D759B3}.Release|Any CPU.ActiveCfg = Release|Any CPU
		{14D423A1-C783-4566-83D0-41BBA0D759B3}.Release|Any CPU.Build.0 = Release|Any CPU
	EndGlobalSection
	GlobalSection(SolutionProperties) = preSolution
		HideSolutionNode = FALSE
	EndGlobalSection
EndGlobal
